// !$*UTF8*$!
{
	archiveVersion = 1;
	classes = {
	};
	objectVersion = 55;
	objects = {

/* Begin PBXBuildFile section */
		706A943628CB14ED00133A81 /* AppDelegate.swift in Sources */ = {isa = PBXBuildFile; fileRef = 706A943528CB14ED00133A81 /* AppDelegate.swift */; };
		706A943A28CB14ED00133A81 /* Actions.sks in Resources */ = {isa = PBXBuildFile; fileRef = 706A943928CB14ED00133A81 /* Actions.sks */; };
		706A943C28CB14ED00133A81 /* GameScene.swift in Sources */ = {isa = PBXBuildFile; fileRef = 706A943B28CB14ED00133A81 /* GameScene.swift */; };
		706A943E28CB14ED00133A81 /* GameViewController.swift in Sources */ = {isa = PBXBuildFile; fileRef = 706A943D28CB14ED00133A81 /* GameViewController.swift */; };
		706A944128CB14ED00133A81 /* Main.storyboard in Resources */ = {isa = PBXBuildFile; fileRef = 706A943F28CB14ED00133A81 /* Main.storyboard */; };
		706A944328CB14EE00133A81 /* Assets.xcassets in Resources */ = {isa = PBXBuildFile; fileRef = 706A944228CB14EE00133A81 /* Assets.xcassets */; };
		706A944628CB14EE00133A81 /* LaunchScreen.storyboard in Resources */ = {isa = PBXBuildFile; fileRef = 706A944428CB14EE00133A81 /* LaunchScreen.storyboard */; };
		706A945028CB14EE00133A81 /* snakeProsvetovaIOSTests.swift in Sources */ = {isa = PBXBuildFile; fileRef = 706A944F28CB14EE00133A81 /* snakeProsvetovaIOSTests.swift */; };
		706A945A28CB14EE00133A81 /* snakeProsvetovaIOSUITests.swift in Sources */ = {isa = PBXBuildFile; fileRef = 706A945928CB14EE00133A81 /* snakeProsvetovaIOSUITests.swift */; };
		706A945C28CB14EE00133A81 /* snakeProsvetovaIOSUITestsLaunchTests.swift in Sources */ = {isa = PBXBuildFile; fileRef = 706A945B28CB14EE00133A81 /* snakeProsvetovaIOSUITestsLaunchTests.swift */; };
		706A946928CB183600133A81 /* Apple.swift in Sources */ = {isa = PBXBuildFile; fileRef = 706A946828CB183600133A81 /* Apple.swift */; };
		706A946B28CB1A8700133A81 /* SnakeBodyPart.swift in Sources */ = {isa = PBXBuildFile; fileRef = 706A946A28CB1A8700133A81 /* SnakeBodyPart.swift */; };
		706A946D28CB40B100133A81 /* SnakeHead.swift in Sources */ = {isa = PBXBuildFile; fileRef = 706A946C28CB40B100133A81 /* SnakeHead.swift */; };
		706A946F28CB428500133A81 /* Snake.swift in Sources */ = {isa = PBXBuildFile; fileRef = 706A946E28CB428500133A81 /* Snake.swift */; };
/* End PBXBuildFile section */

/* Begin PBXContainerItemProxy section */
		706A944C28CB14EE00133A81 /* PBXContainerItemProxy */ = {
			isa = PBXContainerItemProxy;
			containerPortal = 706A942A28CB14ED00133A81 /* Project object */;
			proxyType = 1;
			remoteGlobalIDString = 706A943128CB14ED00133A81;
			remoteInfo = snakeProsvetovaIOS;
		};
		706A945628CB14EE00133A81 /* PBXContainerItemProxy */ = {
			isa = PBXContainerItemProxy;
			containerPortal = 706A942A28CB14ED00133A81 /* Project object */;
			proxyType = 1;
			remoteGlobalIDString = 706A943128CB14ED00133A81;
			remoteInfo = snakeProsvetovaIOS;
		};
/* End PBXContainerItemProxy section */

/* Begin PBXFileReference section */
		706A943228CB14ED00133A81 /* snakeProsvetovaIOS.app */ = {isa = PBXFileReference; explicitFileType = wrapper.application; includeInIndex = 0; path = snakeProsvetovaIOS.app; sourceTree = BUILT_PRODUCTS_DIR; };
		706A943528CB14ED00133A81 /* AppDelegate.swift */ = {isa = PBXFileReference; lastKnownFileType = sourcecode.swift; path = AppDelegate.swift; sourceTree = "<group>"; };
		706A943928CB14ED00133A81 /* Actions.sks */ = {isa = PBXFileReference; lastKnownFileType = file.sks; path = Actions.sks; sourceTree = "<group>"; };
		706A943B28CB14ED00133A81 /* GameScene.swift */ = {isa = PBXFileReference; lastKnownFileType = sourcecode.swift; path = GameScene.swift; sourceTree = "<group>"; };
		706A943D28CB14ED00133A81 /* GameViewController.swift */ = {isa = PBXFileReference; lastKnownFileType = sourcecode.swift; path = GameViewController.swift; sourceTree = "<group>"; };
		706A944028CB14ED00133A81 /* Base */ = {isa = PBXFileReference; lastKnownFileType = file.storyboard; name = Base; path = Base.lproj/Main.storyboard; sourceTree = "<group>"; };
		706A944228CB14EE00133A81 /* Assets.xcassets */ = {isa = PBXFileReference; lastKnownFileType = folder.assetcatalog; path = Assets.xcassets; sourceTree = "<group>"; };
		706A944528CB14EE00133A81 /* Base */ = {isa = PBXFileReference; lastKnownFileType = file.storyboard; name = Base; path = Base.lproj/LaunchScreen.storyboard; sourceTree = "<group>"; };
		706A944B28CB14EE00133A81 /* snakeProsvetovaIOSTests.xctest */ = {isa = PBXFileReference; explicitFileType = wrapper.cfbundle; includeInIndex = 0; path = snakeProsvetovaIOSTests.xctest; sourceTree = BUILT_PRODUCTS_DIR; };
		706A944F28CB14EE00133A81 /* snakeProsvetovaIOSTests.swift */ = {isa = PBXFileReference; lastKnownFileType = sourcecode.swift; path = snakeProsvetovaIOSTests.swift; sourceTree = "<group>"; };
		706A945528CB14EE00133A81 /* snakeProsvetovaIOSUITests.xctest */ = {isa = PBXFileReference; explicitFileType = wrapper.cfbundle; includeInIndex = 0; path = snakeProsvetovaIOSUITests.xctest; sourceTree = BUILT_PRODUCTS_DIR; };
		706A945928CB14EE00133A81 /* snakeProsvetovaIOSUITests.swift */ = {isa = PBXFileReference; lastKnownFileType = sourcecode.swift; path = snakeProsvetovaIOSUITests.swift; sourceTree = "<group>"; };
		706A945B28CB14EE00133A81 /* snakeProsvetovaIOSUITestsLaunchTests.swift */ = {isa = PBXFileReference; lastKnownFileType = sourcecode.swift; path = snakeProsvetovaIOSUITestsLaunchTests.swift; sourceTree = "<group>"; };
		706A946828CB183600133A81 /* Apple.swift */ = {isa = PBXFileReference; lastKnownFileType = sourcecode.swift; path = Apple.swift; sourceTree = "<group>"; };
		706A946A28CB1A8700133A81 /* SnakeBodyPart.swift */ = {isa = PBXFileReference; lastKnownFileType = sourcecode.swift; path = SnakeBodyPart.swift; sourceTree = "<group>"; };
		706A946C28CB40B100133A81 /* SnakeHead.swift */ = {isa = PBXFileReference; lastKnownFileType = sourcecode.swift; path = SnakeHead.swift; sourceTree = "<group>"; };
		706A946E28CB428500133A81 /* Snake.swift */ = {isa = PBXFileReference; lastKnownFileType = sourcecode.swift; path = Snake.swift; sourceTree = "<group>"; };
/* End PBXFileReference section */

/* Begin PBXFrameworksBuildPhase section */
		706A942F28CB14ED00133A81 /* Frameworks */ = {
			isa = PBXFrameworksBuildPhase;
			buildActionMask = 2147483647;
			files = (
			);
			runOnlyForDeploymentPostprocessing = 0;
		};
		706A944828CB14EE00133A81 /* Frameworks */ = {
			isa = PBXFrameworksBuildPhase;
			buildActionMask = 2147483647;
			files = (
			);
			runOnlyForDeploymentPostprocessing = 0;
		};
		706A945228CB14EE00133A81 /* Frameworks */ = {
			isa = PBXFrameworksBuildPhase;
			buildActionMask = 2147483647;
			files = (
			);
			runOnlyForDeploymentPostprocessing = 0;
		};
/* End PBXFrameworksBuildPhase section */

/* Begin PBXGroup section */
		706A942928CB14ED00133A81 = {
			isa = PBXGroup;
			children = (
				706A943428CB14ED00133A81 /* snakeProsvetovaIOS */,
				706A944E28CB14EE00133A81 /* snakeProsvetovaIOSTests */,
				706A945828CB14EE00133A81 /* snakeProsvetovaIOSUITests */,
				706A943328CB14ED00133A81 /* Products */,
			);
			sourceTree = "<group>";
		};
		706A943328CB14ED00133A81 /* Products */ = {
			isa = PBXGroup;
			children = (
				706A943228CB14ED00133A81 /* snakeProsvetovaIOS.app */,
				706A944B28CB14EE00133A81 /* snakeProsvetovaIOSTests.xctest */,
				706A945528CB14EE00133A81 /* snakeProsvetovaIOSUITests.xctest */,
			);
			name = Products;
			sourceTree = "<group>";
		};
		706A943428CB14ED00133A81 /* snakeProsvetovaIOS */ = {
			isa = PBXGroup;
			children = (
				706A943528CB14ED00133A81 /* AppDelegate.swift */,
				706A946E28CB428500133A81 /* Snake.swift */,
				706A943928CB14ED00133A81 /* Actions.sks */,
				706A943B28CB14ED00133A81 /* GameScene.swift */,
				706A943D28CB14ED00133A81 /* GameViewController.swift */,
				706A946828CB183600133A81 /* Apple.swift */,
				706A943F28CB14ED00133A81 /* Main.storyboard */,
				706A944228CB14EE00133A81 /* Assets.xcassets */,
				706A944428CB14EE00133A81 /* LaunchScreen.storyboard */,
				706A946A28CB1A8700133A81 /* SnakeBodyPart.swift */,
				706A946C28CB40B100133A81 /* SnakeHead.swift */,
			);
			path = snakeProsvetovaIOS;
			sourceTree = "<group>";
		};
		706A944E28CB14EE00133A81 /* snakeProsvetovaIOSTests */ = {
			isa = PBXGroup;
			children = (
				706A944F28CB14EE00133A81 /* snakeProsvetovaIOSTests.swift */,
			);
			path = snakeProsvetovaIOSTests;
			sourceTree = "<group>";
		};
		706A945828CB14EE00133A81 /* snakeProsvetovaIOSUITests */ = {
			isa = PBXGroup;
			children = (
				706A945928CB14EE00133A81 /* snakeProsvetovaIOSUITests.swift */,
				706A945B28CB14EE00133A81 /* snakeProsvetovaIOSUITestsLaunchTests.swift */,
			);
			path = snakeProsvetovaIOSUITests;
			sourceTree = "<group>";
		};
/* End PBXGroup section */

/* Begin PBXNativeTarget section */
		706A943128CB14ED00133A81 /* snakeProsvetovaIOS */ = {
			isa = PBXNativeTarget;
			buildConfigurationList = 706A945F28CB14EE00133A81 /* Build configuration list for PBXNativeTarget "snakeProsvetovaIOS" */;
			buildPhases = (
				706A942E28CB14ED00133A81 /* Sources */,
				706A942F28CB14ED00133A81 /* Frameworks */,
				706A943028CB14ED00133A81 /* Resources */,
			);
			buildRules = (
			);
			dependencies = (
			);
			name = snakeProsvetovaIOS;
			productName = snakeProsvetovaIOS;
			productReference = 706A943228CB14ED00133A81 /* snakeProsvetovaIOS.app */;
			productType = "com.apple.product-type.application";
		};
		706A944A28CB14EE00133A81 /* snakeProsvetovaIOSTests */ = {
			isa = PBXNativeTarget;
			buildConfigurationList = 706A946228CB14EE00133A81 /* Build configuration list for PBXNativeTarget "snakeProsvetovaIOSTests" */;
			buildPhases = (
				706A944728CB14EE00133A81 /* Sources */,
				706A944828CB14EE00133A81 /* Frameworks */,
				706A944928CB14EE00133A81 /* Resources */,
			);
			buildRules = (
			);
			dependencies = (
				706A944D28CB14EE00133A81 /* PBXTargetDependency */,
			);
			name = snakeProsvetovaIOSTests;
			productName = snakeProsvetovaIOSTests;
			productReference = 706A944B28CB14EE00133A81 /* snakeProsvetovaIOSTests.xctest */;
			productType = "com.apple.product-type.bundle.unit-test";
		};
		706A945428CB14EE00133A81 /* snakeProsvetovaIOSUITests */ = {
			isa = PBXNativeTarget;
			buildConfigurationList = 706A946528CB14EE00133A81 /* Build configuration list for PBXNativeTarget "snakeProsvetovaIOSUITests" */;
			buildPhases = (
				706A945128CB14EE00133A81 /* Sources */,
				706A945228CB14EE00133A81 /* Frameworks */,
				706A945328CB14EE00133A81 /* Resources */,
			);
			buildRules = (
			);
			dependencies = (
				706A945728CB14EE00133A81 /* PBXTargetDependency */,
			);
			name = snakeProsvetovaIOSUITests;
			productName = snakeProsvetovaIOSUITests;
			productReference = 706A945528CB14EE00133A81 /* snakeProsvetovaIOSUITests.xctest */;
			productType = "com.apple.product-type.bundle.ui-testing";
		};
/* End PBXNativeTarget section */

/* Begin PBXProject section */
		706A942A28CB14ED00133A81 /* Project object */ = {
			isa = PBXProject;
			attributes = {
				BuildIndependentTargetsInParallel = 1;
				LastSwiftUpdateCheck = 1310;
				LastUpgradeCheck = 1310;
				TargetAttributes = {
					706A943128CB14ED00133A81 = {
						CreatedOnToolsVersion = 13.1;
					};
					706A944A28CB14EE00133A81 = {
						CreatedOnToolsVersion = 13.1;
						TestTargetID = 706A943128CB14ED00133A81;
					};
					706A945428CB14EE00133A81 = {
						CreatedOnToolsVersion = 13.1;
						TestTargetID = 706A943128CB14ED00133A81;
					};
				};
			};
			buildConfigurationList = 706A942D28CB14ED00133A81 /* Build configuration list for PBXProject "snakeProsvetovaIOS" */;
			compatibilityVersion = "Xcode 13.0";
			developmentRegion = en;
			hasScannedForEncodings = 0;
			knownRegions = (
				en,
				Base,
			);
			mainGroup = 706A942928CB14ED00133A81;
			productRefGroup = 706A943328CB14ED00133A81 /* Products */;
			projectDirPath = "";
			projectRoot = "";
			targets = (
				706A943128CB14ED00133A81 /* snakeProsvetovaIOS */,
				706A944A28CB14EE00133A81 /* snakeProsvetovaIOSTests */,
				706A945428CB14EE00133A81 /* snakeProsvetovaIOSUITests */,
			);
		};
/* End PBXProject section */

/* Begin PBXResourcesBuildPhase section */
		706A943028CB14ED00133A81 /* Resources */ = {
			isa = PBXResourcesBuildPhase;
			buildActionMask = 2147483647;
			files = (
				706A944128CB14ED00133A81 /* Main.storyboard in Resources */,
				706A944328CB14EE00133A81 /* Assets.xcassets in Resources */,
				706A944628CB14EE00133A81 /* LaunchScreen.storyboard in Resources */,
				706A943A28CB14ED00133A81 /* Actions.sks in Resources */,
			);
			runOnlyForDeploymentPostprocessing = 0;
		};
		706A944928CB14EE00133A81 /* Resources */ = {
			isa = PBXResourcesBuildPhase;
			buildActionMask = 2147483647;
			files = (
			);
			runOnlyForDeploymentPostprocessing = 0;
		};
		706A945328CB14EE00133A81 /* Resources */ = {
			isa = PBXResourcesBuildPhase;
			buildActionMask = 2147483647;
			files = (
			);
			runOnlyForDeploymentPostprocessing = 0;
		};
/* End PBXResourcesBuildPhase section */

/* Begin PBXSourcesBuildPhase section */
		706A942E28CB14ED00133A81 /* Sources */ = {
			isa = PBXSourcesBuildPhase;
			buildActionMask = 2147483647;
			files = (
				706A946D28CB40B100133A81 /* SnakeHead.swift in Sources */,
				706A946928CB183600133A81 /* Apple.swift in Sources */,
				706A943C28CB14ED00133A81 /* GameScene.swift in Sources */,
				706A943E28CB14ED00133A81 /* GameViewController.swift in Sources */,
				706A946B28CB1A8700133A81 /* SnakeBodyPart.swift in Sources */,
				706A946F28CB428500133A81 /* Snake.swift in Sources */,
				706A943628CB14ED00133A81 /* AppDelegate.swift in Sources */,
			);
			runOnlyForDeploymentPostprocessing = 0;
		};
		706A944728CB14EE00133A81 /* Sources */ = {
			isa = PBXSourcesBuildPhase;
			buildActionMask = 2147483647;
			files = (
				706A945028CB14EE00133A81 /* snakeProsvetovaIOSTests.swift in Sources */,
			);
			runOnlyForDeploymentPostprocessing = 0;
		};
		706A945128CB14EE00133A81 /* Sources */ = {
			isa = PBXSourcesBuildPhase;
			buildActionMask = 2147483647;
			files = (
				706A945C28CB14EE00133A81 /* snakeProsvetovaIOSUITestsLaunchTests.swift in Sources */,
				706A945A28CB14EE00133A81 /* snakeProsvetovaIOSUITests.swift in Sources */,
			);
			runOnlyForDeploymentPostprocessing = 0;
		};
/* End PBXSourcesBuildPhase section */

/* Begin PBXTargetDependency section */
		706A944D28CB14EE00133A81 /* PBXTargetDependency */ = {
			isa = PBXTargetDependency;
			target = 706A943128CB14ED00133A81 /* snakeProsvetovaIOS */;
			targetProxy = 706A944C28CB14EE00133A81 /* PBXContainerItemProxy */;
		};
		706A945728CB14EE00133A81 /* PBXTargetDependency */ = {
			isa = PBXTargetDependency;
			target = 706A943128CB14ED00133A81 /* snakeProsvetovaIOS */;
			targetProxy = 706A945628CB14EE00133A81 /* PBXContainerItemProxy */;
		};
/* End PBXTargetDependency section */

/* Begin PBXVariantGroup section */
		706A943F28CB14ED00133A81 /* Main.storyboard */ = {
			isa = PBXVariantGroup;
			children = (
				706A944028CB14ED00133A81 /* Base */,
			);
			name = Main.storyboard;
			sourceTree = "<group>";
		};
		706A944428CB14EE00133A81 /* LaunchScreen.storyboard */ = {
			isa = PBXVariantGroup;
			children = (
				706A944528CB14EE00133A81 /* Base */,
			);
			name = LaunchScreen.storyboard;
			sourceTree = "<group>";
		};
/* End PBXVariantGroup section */

/* Begin XCBuildConfiguration section */
		706A945D28CB14EE00133A81 /* Debug */ = {
			isa = XCBuildConfiguration;
			buildSettings = {
				ALWAYS_SEARCH_USER_PATHS = NO;
				CLANG_ANALYZER_NONNULL = YES;
				CLANG_ANALYZER_NUMBER_OBJECT_CONVERSION = YES_AGGRESSIVE;
				CLANG_CXX_LANGUAGE_STANDARD = "gnu++17";
				CLANG_CXX_LIBRARY = "libc++";
				CLANG_ENABLE_MODULES = YES;
				CLANG_ENABLE_OBJC_ARC = YES;
				CLANG_ENABLE_OBJC_WEAK = YES;
				CLANG_WARN_BLOCK_CAPTURE_AUTORELEASING = YES;
				CLANG_WARN_BOOL_CONVERSION = YES;
				CLANG_WARN_COMMA = YES;
				CLANG_WARN_CONSTANT_CONVERSION = YES;
				CLANG_WARN_DEPRECATED_OBJC_IMPLEMENTATIONS = YES;
				CLANG_WARN_DIRECT_OBJC_ISA_USAGE = YES_ERROR;
				CLANG_WARN_DOCUMENTATION_COMMENTS = YES;
				CLANG_WARN_EMPTY_BODY = YES;
				CLANG_WARN_ENUM_CONVERSION = YES;
				CLANG_WARN_INFINITE_RECURSION = YES;
				CLANG_WARN_INT_CONVERSION = YES;
				CLANG_WARN_NON_LITERAL_NULL_CONVERSION = YES;
				CLANG_WARN_OBJC_IMPLICIT_RETAIN_SELF = YES;
				CLANG_WARN_OBJC_LITERAL_CONVERSION = YES;
				CLANG_WARN_OBJC_ROOT_CLASS = YES_ERROR;
				CLANG_WARN_QUOTED_INCLUDE_IN_FRAMEWORK_HEADER = YES;
				CLANG_WARN_RANGE_LOOP_ANALYSIS = YES;
				CLANG_WARN_STRICT_PROTOTYPES = YES;
				CLANG_WARN_SUSPICIOUS_MOVE = YES;
				CLANG_WARN_UNGUARDED_AVAILABILITY = YES_AGGRESSIVE;
				CLANG_WARN_UNREACHABLE_CODE = YES;
				CLANG_WARN__DUPLICATE_METHOD_MATCH = YES;
				COPY_PHASE_STRIP = NO;
				DEBUG_INFORMATION_FORMAT = dwarf;
				ENABLE_STRICT_OBJC_MSGSEND = YES;
				ENABLE_TESTABILITY = YES;
				GCC_C_LANGUAGE_STANDARD = gnu11;
				GCC_DYNAMIC_NO_PIC = NO;
				GCC_NO_COMMON_BLOCKS = YES;
				GCC_OPTIMIZATION_LEVEL = 0;
				GCC_PREPROCESSOR_DEFINITIONS = (
					"DEBUG=1",
					"$(inherited)",
				);
				GCC_WARN_64_TO_32_BIT_CONVERSION = YES;
				GCC_WARN_ABOUT_RETURN_TYPE = YES_ERROR;
				GCC_WARN_UNDECLARED_SELECTOR = YES;
				GCC_WARN_UNINITIALIZED_AUTOS = YES_AGGRESSIVE;
				GCC_WARN_UNUSED_FUNCTION = YES;
				GCC_WARN_UNUSED_VARIABLE = YES;
				IPHONEOS_DEPLOYMENT_TARGET = 15.0;
				MTL_ENABLE_DEBUG_INFO = INCLUDE_SOURCE;
				MTL_FAST_MATH = YES;
				ONLY_ACTIVE_ARCH = YES;
				SDKROOT = iphoneos;
				SWIFT_ACTIVE_COMPILATION_CONDITIONS = DEBUG;
				SWIFT_OPTIMIZATION_LEVEL = "-Onone";
			};
			name = Debug;
		};
		706A945E28CB14EE00133A81 /* Release */ = {
			isa = XCBuildConfiguration;
			buildSettings = {
				ALWAYS_SEARCH_USER_PATHS = NO;
				CLANG_ANALYZER_NONNULL = YES;
				CLANG_ANALYZER_NUMBER_OBJECT_CONVERSION = YES_AGGRESSIVE;
				CLANG_CXX_LANGUAGE_STANDARD = "gnu++17";
				CLANG_CXX_LIBRARY = "libc++";
				CLANG_ENABLE_MODULES = YES;
				CLANG_ENABLE_OBJC_ARC = YES;
				CLANG_ENABLE_OBJC_WEAK = YES;
				CLANG_WARN_BLOCK_CAPTURE_AUTORELEASING = YES;
				CLANG_WARN_BOOL_CONVERSION = YES;
				CLANG_WARN_COMMA = YES;
				CLANG_WARN_CONSTANT_CONVERSION = YES;
				CLANG_WARN_DEPRECATED_OBJC_IMPLEMENTATIONS = YES;
				CLANG_WARN_DIRECT_OBJC_ISA_USAGE = YES_ERROR;
				CLANG_WARN_DOCUMENTATION_COMMENTS = YES;
				CLANG_WARN_EMPTY_BODY = YES;
				CLANG_WARN_ENUM_CONVERSION = YES;
				CLANG_WARN_INFINITE_RECURSION = YES;
				CLANG_WARN_INT_CONVERSION = YES;
				CLANG_WARN_NON_LITERAL_NULL_CONVERSION = YES;
				CLANG_WARN_OBJC_IMPLICIT_RETAIN_SELF = YES;
				CLANG_WARN_OBJC_LITERAL_CONVERSION = YES;
				CLANG_WARN_OBJC_ROOT_CLASS = YES_ERROR;
				CLANG_WARN_QUOTED_INCLUDE_IN_FRAMEWORK_HEADER = YES;
				CLANG_WARN_RANGE_LOOP_ANALYSIS = YES;
				CLANG_WARN_STRICT_PROTOTYPES = YES;
				CLANG_WARN_SUSPICIOUS_MOVE = YES;
				CLANG_WARN_UNGUARDED_AVAILABILITY = YES_AGGRESSIVE;
				CLANG_WARN_UNREACHABLE_CODE = YES;
				CLANG_WARN__DUPLICATE_METHOD_MATCH = YES;
				COPY_PHASE_STRIP = NO;
				DEBUG_INFORMATION_FORMAT = "dwarf-with-dsym";
				ENABLE_NS_ASSERTIONS = NO;
				ENABLE_STRICT_OBJC_MSGSEND = YES;
				GCC_C_LANGUAGE_STANDARD = gnu11;
				GCC_NO_COMMON_BLOCKS = YES;
				GCC_WARN_64_TO_32_BIT_CONVERSION = YES;
				GCC_WARN_ABOUT_RETURN_TYPE = YES_ERROR;
				GCC_WARN_UNDECLARED_SELECTOR = YES;
				GCC_WARN_UNINITIALIZED_AUTOS = YES_AGGRESSIVE;
				GCC_WARN_UNUSED_FUNCTION = YES;
				GCC_WARN_UNUSED_VARIABLE = YES;
				IPHONEOS_DEPLOYMENT_TARGET = 15.0;
				MTL_ENABLE_DEBUG_INFO = NO;
				MTL_FAST_MATH = YES;
				SDKROOT = iphoneos;
				SWIFT_COMPILATION_MODE = wholemodule;
				SWIFT_OPTIMIZATION_LEVEL = "-O";
				VALIDATE_PRODUCT = YES;
			};
			name = Release;
		};
		706A946028CB14EE00133A81 /* Debug */ = {
			isa = XCBuildConfiguration;
			buildSettings = {
				ASSETCATALOG_COMPILER_APPICON_NAME = AppIcon;
				ASSETCATALOG_COMPILER_GLOBAL_ACCENT_COLOR_NAME = AccentColor;
				CODE_SIGN_STYLE = Automatic;
				CURRENT_PROJECT_VERSION = 1;
				DEVELOPMENT_TEAM = A3S28YZK34;
				GENERATE_INFOPLIST_FILE = YES;
				INFOPLIST_KEY_UIApplicationSupportsIndirectInputEvents = YES;
				INFOPLIST_KEY_UILaunchStoryboardName = LaunchScreen;
				INFOPLIST_KEY_UIMainStoryboardFile = Main;
				INFOPLIST_KEY_UIStatusBarHidden = YES;
				INFOPLIST_KEY_UISupportedInterfaceOrientations_iPad = "UIInterfaceOrientationPortrait UIInterfaceOrientationPortraitUpsideDown UIInterfaceOrientationLandscapeLeft UIInterfaceOrientationLandscapeRight";
				INFOPLIST_KEY_UISupportedInterfaceOrientations_iPhone = "UIInterfaceOrientationPortrait UIInterfaceOrientationLandscapeLeft UIInterfaceOrientationLandscapeRight";
				LD_RUNPATH_SEARCH_PATHS = (
					"$(inherited)",
					"@executable_path/Frameworks",
				);
				MARKETING_VERSION = 1.0;
				PRODUCT_BUNDLE_IDENTIFIER = com.prosvetovalina.snakeProsvetovaIOS;
				PRODUCT_NAME = "$(TARGET_NAME)";
				SWIFT_EMIT_LOC_STRINGS = YES;
				SWIFT_VERSION = 5.0;
				TARGETED_DEVICE_FAMILY = "1,2";
			};
			name = Debug;
		};
		706A946128CB14EE00133A81 /* Release */ = {
			isa = XCBuildConfiguration;
			buildSettings = {
				ASSETCATALOG_COMPILER_APPICON_NAME = AppIcon;
				ASSETCATALOG_COMPILER_GLOBAL_ACCENT_COLOR_NAME = AccentColor;
				CODE_SIGN_STYLE = Automatic;
				CURRENT_PROJECT_VERSION = 1;
				DEVELOPMENT_TEAM = A3S28YZK34;
				GENERATE_INFOPLIST_FILE = YES;
				INFOPLIST_KEY_UIApplicationSupportsIndirectInputEvents = YES;
				INFOPLIST_KEY_UILaunchStoryboardName = LaunchScreen;
				INFOPLIST_KEY_UIMainStoryboardFile = Main;
				INFOPLIST_KEY_UIStatusBarHidden = YES;
				INFOPLIST_KEY_UISupportedInterfaceOrientations_iPad = "UIInterfaceOrientationPortrait UIInterfaceOrientationPortraitUpsideDown UIInterfaceOrientationLandscapeLeft UIInterfaceOrientationLandscapeRight";
				INFOPLIST_KEY_UISupportedInterfaceOrientations_iPhone = "UIInterfaceOrientationPortrait UIInterfaceOrientationLandscapeLeft UIInterfaceOrientationLandscapeRight";
				LD_RUNPATH_SEARCH_PATHS = (
					"$(inherited)",
					"@executable_path/Frameworks",
				);
				MARKETING_VERSION = 1.0;
				PRODUCT_BUNDLE_IDENTIFIER = com.prosvetovalina.snakeProsvetovaIOS;
				PRODUCT_NAME = "$(TARGET_NAME)";
				SWIFT_EMIT_LOC_STRINGS = YES;
				SWIFT_VERSION = 5.0;
				TARGETED_DEVICE_FAMILY = "1,2";
			};
			name = Release;
		};
		706A946328CB14EE00133A81 /* Debug */ = {
			isa = XCBuildConfiguration;
			buildSettings = {
				ALWAYS_EMBED_SWIFT_STANDARD_LIBRARIES = YES;
				BUNDLE_LOADER = "$(TEST_HOST)";
				CODE_SIGN_STYLE = Automatic;
				CURRENT_PROJECT_VERSION = 1;
				DEVELOPMENT_TEAM = A3S28YZK34;
				GENERATE_INFOPLIST_FILE = YES;
				IPHONEOS_DEPLOYMENT_TARGET = 15.0;
				LD_RUNPATH_SEARCH_PATHS = (
					"$(inherited)",
					"@executable_path/Frameworks",
					"@loader_path/Frameworks",
				);
				MARKETING_VERSION = 1.0;
				PRODUCT_BUNDLE_IDENTIFIER = com.prosvetovalina.snakeProsvetovaIOSTests;
				PRODUCT_NAME = "$(TARGET_NAME)";
				SWIFT_EMIT_LOC_STRINGS = NO;
				SWIFT_VERSION = 5.0;
				TARGETED_DEVICE_FAMILY = "1,2";
				TEST_HOST = "$(BUILT_PRODUCTS_DIR)/snakeProsvetovaIOS.app/snakeProsvetovaIOS";
			};
			name = Debug;
		};
		706A946428CB14EE00133A81 /* Release */ = {
			isa = XCBuildConfiguration;
			buildSettings = {
				ALWAYS_EMBED_SWIFT_STANDARD_LIBRARIES = YES;
				BUNDLE_LOADER = "$(TEST_HOST)";
				CODE_SIGN_STYLE = Automatic;
				CURRENT_PROJECT_VERSION = 1;
				DEVELOPMENT_TEAM = A3S28YZK34;
				GENERATE_INFOPLIST_FILE = YES;
				IPHONEOS_DEPLOYMENT_TARGET = 15.0;
				LD_RUNPATH_SEARCH_PATHS = (
					"$(inherited)",
					"@executable_path/Frameworks",
					"@loader_path/Frameworks",
				);
				MARKETING_VERSION = 1.0;
				PRODUCT_BUNDLE_IDENTIFIER = com.prosvetovalina.snakeProsvetovaIOSTests;
				PRODUCT_NAME = "$(TARGET_NAME)";
				SWIFT_EMIT_LOC_STRINGS = NO;
				SWIFT_VERSION = 5.0;
				TARGETED_DEVICE_FAMILY = "1,2";
				TEST_HOST = "$(BUILT_PRODUCTS_DIR)/snakeProsvetovaIOS.app/snakeProsvetovaIOS";
			};
			name = Release;
		};
		706A946628CB14EE00133A81 /* Debug */ = {
			isa = XCBuildConfiguration;
			buildSettings = {
				ALWAYS_EMBED_SWIFT_STANDARD_LIBRARIES = YES;
				CODE_SIGN_STYLE = Automatic;
				CURRENT_PROJECT_VERSION = 1;
				DEVELOPMENT_TEAM = A3S28YZK34;
				GENERATE_INFOPLIST_FILE = YES;
				LD_RUNPATH_SEARCH_PATHS = (
					"$(inherited)",
					"@executable_path/Frameworks",
					"@loader_path/Frameworks",
				);
				MARKETING_VERSION = 1.0;
				PRODUCT_BUNDLE_IDENTIFIER = com.prosvetovalina.snakeProsvetovaIOSUITests;
				PRODUCT_NAME = "$(TARGET_NAME)";
				SWIFT_EMIT_LOC_STRINGS = NO;
				SWIFT_VERSION = 5.0;
				TARGETED_DEVICE_FAMILY = "1,2";
				TEST_TARGET_NAME = snakeProsvetovaIOS;
			};
			name = Debug;
		};
		706A946728CB14EE00133A81 /* Release */ = {
			isa = XCBuildConfiguration;
			buildSettings = {
				ALWAYS_EMBED_SWIFT_STANDARD_LIBRARIES = YES;
				CODE_SIGN_STYLE = Automatic;
				CURRENT_PROJECT_VERSION = 1;
				DEVELOPMENT_TEAM = A3S28YZK34;
				GENERATE_INFOPLIST_FILE = YES;
				LD_RUNPATH_SEARCH_PATHS = (
					"$(inherited)",
					"@executable_path/Frameworks",
					"@loader_path/Frameworks",
				);
				MARKETING_VERSION = 1.0;
				PRODUCT_BUNDLE_IDENTIFIER = com.prosvetovalina.snakeProsvetovaIOSUITests;
				PRODUCT_NAME = "$(TARGET_NAME)";
				SWIFT_EMIT_LOC_STRINGS = NO;
				SWIFT_VERSION = 5.0;
				TARGETED_DEVICE_FAMILY = "1,2";
				TEST_TARGET_NAME = snakeProsvetovaIOS;
			};
			name = Release;
		};
/* End XCBuildConfiguration section */

/* Begin XCConfigurationList section */
		706A942D28CB14ED00133A81 /* Build configuration list for PBXProject "snakeProsvetovaIOS" */ = {
			isa = XCConfigurationList;
			buildConfigurations = (
				706A945D28CB14EE00133A81 /* Debug */,
				706A945E28CB14EE00133A81 /* Release */,
			);
			defaultConfigurationIsVisible = 0;
			defaultConfigurationName = Release;
		};
		706A945F28CB14EE00133A81 /* Build configuration list for PBXNativeTarget "snakeProsvetovaIOS" */ = {
			isa = XCConfigurationList;
			buildConfigurations = (
				706A946028CB14EE00133A81 /* Debug */,
				706A946128CB14EE00133A81 /* Release */,
			);
			defaultConfigurationIsVisible = 0;
			defaultConfigurationName = Release;
		};
		706A946228CB14EE00133A81 /* Build configuration list for PBXNativeTarget "snakeProsvetovaIOSTests" */ = {
			isa = XCConfigurationList;
			buildConfigurations = (
				706A946328CB14EE00133A81 /* Debug */,
				706A946428CB14EE00133A81 /* Release */,
			);
			defaultConfigurationIsVisible = 0;
			defaultConfigurationName = Release;
		};
		706A946528CB14EE00133A81 /* Build configuration list for PBXNativeTarget "snakeProsvetovaIOSUITests" */ = {
			isa = XCConfigurationList;
			buildConfigurations = (
				706A946628CB14EE00133A81 /* Debug */,
				706A946728CB14EE00133A81 /* Release */,
			);
			defaultConfigurationIsVisible = 0;
			defaultConfigurationName = Release;
		};
/* End XCConfigurationList section */
	};
	rootObject = 706A942A28CB14ED00133A81 /* Project object */;
}
